
Microsoft Visual Studio Solution File, Format Version 12.00
# Visual Studio 2013
VisualStudioVersion = 12.0.30501.0
MinimumVisualStudioVersion = 10.0.40219.1
Project("{FAE04EC0-301F-11D3-BF4B-00C04F79EFBC}") = "Tournamaker.Core", "Tournamaker.Core\Tournamaker.Core.csproj", "{A5A05C02-F538-40E4-B821-53FD8307C873}"
EndProject
Project("{FAE04EC0-301F-11D3-BF4B-00C04F79EFBC}") = "Tournamaker.WP", "Tournamaker.WP\Tournamaker.WP.csproj", "{BA6F6679-D5B0-4447-BDFA-16E3CD90D961}"
EndProject
Global
	GlobalSection(SolutionConfigurationPlatforms) = preSolution
		Debug|Any CPU = Debug|Any CPU
		Debug|ARM = Debug|ARM
		Debug|x86 = Debug|x86
		Release|Any CPU = Release|Any CPU
		Release|ARM = Release|ARM
		Release|x86 = Release|x86
	EndGlobalSection
	GlobalSection(ProjectConfigurationPlatforms) = postSolution
		{A5A05C02-F538-40E4-B821-53FD8307C873}.Debug|Any CPU.ActiveCfg = Debug|Any CPU
		{A5A05C02-F538-40E4-B821-53FD8307C873}.Debug|Any CPU.Build.0 = Debug|Any CPU
		{A5A05C02-F538-40E4-B821-53FD8307C873}.Debug|ARM.ActiveCfg = Debug|Any CPU
		{A5A05C02-F538-40E4-B821-53FD8307C873}.Debug|x86.ActiveCfg = Debug|Any CPU
		{A5A05C02-F538-40E4-B821-53FD8307C873}.Release|Any CPU.ActiveCfg = Release|Any CPU
		{A5A05C02-F538-40E4-B821-53FD8307C873}.Release|Any CPU.Build.0 = Release|Any CPU
		{A5A05C02-F538-40E4-B821-53FD8307C873}.Release|ARM.ActiveCfg = Release|Any CPU
		{A5A05C02-F538-40E4-B821-53FD8307C873}.Release|x86.ActiveCfg = Release|Any CPU
		{BA6F6679-D5B0-4447-BDFA-16E3CD90D961}.Debug|Any CPU.ActiveCfg = Debug|Any CPU
		{BA6F6679-D5B0-4447-BDFA-16E3CD90D961}.Debug|Any CPU.Build.0 = Debug|Any CPU
		{BA6F6679-D5B0-4447-BDFA-16E3CD90D961}.Debug|Any CPU.Deploy.0 = Debug|Any CPU
		{BA6F6679-D5B0-4447-BDFA-16E3CD90D961}.Debug|ARM.ActiveCfg = Debug|ARM
		{BA6F6679-D5B0-4447-BDFA-16E3CD90D961}.Debug|ARM.Build.0 = Debug|ARM
		{BA6F6679-D5B0-4447-BDFA-16E3CD90D961}.Debug|ARM.Deploy.0 = Debug|ARM
		{BA6F6679-D5B0-4447-BDFA-16E3CD90D961}.Debug|x86.ActiveCfg = Debug|x86
		{BA6F6679-D5B0-4447-BDFA-16E3CD90D961}.Debug|x86.Build.0 = Debug|x86
		{BA6F6679-D5B0-4447-BDFA-16E3CD90D961}.Debug|x86.Deploy.0 = Debug|x86
		{BA6F6679-D5B0-4447-BDFA-16E3CD90D961}.Release|Any CPU.ActiveCfg = Release|Any CPU
		{BA6F6679-D5B0-4447-BDFA-16E3CD90D961}.Release|Any CPU.Build.0 = Release|Any CPU
		{BA6F6679-D5B0-4447-BDFA-16E3CD90D961}.Release|Any CPU.Deploy.0 = Release|Any CPU
		{BA6F6679-D5B0-4447-BDFA-16E3CD90D961}.Release|ARM.ActiveCfg = Release|ARM
		{BA6F6679-D5B0-4447-BDFA-16E3CD90D961}.Release|ARM.Build.0 = Release|ARM
		{BA6F6679-D5B0-4447-BDFA-16E3CD90D961}.Release|ARM.Deploy.0 = Release|ARM
		{BA6F6679-D5B0-4447-BDFA-16E3CD90D961}.Release|x86.ActiveCfg = Release|x86
		{BA6F6679-D5B0-4447-BDFA-16E3CD90D961}.Release|x86.Build.0 = Release|x86
		{BA6F6679-D5B0-4447-BDFA-16E3CD90D961}.Release|x86.Deploy.0 = Release|x86
	EndGlobalSection
	GlobalSection(SolutionProperties) = preSolution
		HideSolutionNode = FALSE
	EndGlobalSection
EndGlobal
